
Microsoft Visual Studio Solution File, Format Version 12.00
# Visual Studio 15
VisualStudioVersion = 15.0.28307.779
MinimumVisualStudioVersion = 10.0.40219.1
Project("{FAE04EC0-301F-11D3-BF4B-00C04F79EFBC}") = "App2", "App2\App2.csproj", "{3A02FE2B-12A7-4321-AC8F-1B42C94ACBAC}"
EndProject
Global
	GlobalSection(SolutionConfigurationPlatforms) = preSolution
		Debug|Any CPU = Debug|Any CPU
		Release|Any CPU = Release|Any CPU
	EndGlobalSection
	GlobalSection(ProjectConfigurationPlatforms) = postSolution
		{3A02FE2B-12A7-4321-AC8F-1B42C94ACBAC}.Debug|Any CPU.ActiveCfg = Debug|Any CPU
		{3A02FE2B-12A7-4321-AC8F-1B42C94ACBAC}.Debug|Any CPU.Build.0 = Debug|Any CPU
		{3A02FE2B-12A7-4321-AC8F-1B42C94ACBAC}.Release|Any CPU.ActiveCfg = Release|Any CPU
		{3A02FE2B-12A7-4321-AC8F-1B42C94ACBAC}.Release|Any CPU.Build.0 = Release|Any CPU
	EndGlobalSection
	GlobalSection(SolutionProperties) = preSolution
		HideSolutionNode = FALSE
	EndGlobalSection
	GlobalSection(ExtensibilityGlobals) = postSolution
		SolutionGuid = {683F5D9D-3759-4916-A08A-C9EC3DFB34A0}
	EndGlobalSection
EndGlobal
