{
  "requires": true,
  "lockfileVersion": 1,
  "dependencies": {
    "grunt-sass": {
      "version": "3.1.0",
      "resolved": "https://registry.npmjs.org/grunt-sass/-/grunt-sass-3.1.0.tgz",
      "integrity": "sha512-90s27H7FoCDcA8C8+R0GwC+ntYD3lG6S/jqcavWm3bn9RiJTmSfOvfbFa1PXx4NbBWuiGQMLfQTj/JvvqT5w6A==",
      "dev": true
    }
  }
}
